
Microsoft Visual Studio Solution File, Format Version 12.00
# Visual Studio Version 17
VisualStudioVersion = 17.9.34622.214
MinimumVisualStudioVersion = 10.0.40219.1
Project("{FAE04EC0-301F-11D3-BF4B-00C04F79EFBC}") = "BrandNewMVCWithDocker", "BrandNewMVCWithDocker.csproj", "{942D56DF-2C72-4781-8F1B-FBC648060FCA}"
EndProject
Global
	GlobalSection(SolutionConfigurationPlatforms) = preSolution
		Debug|Any CPU = Debug|Any CPU
		Release|Any CPU = Release|Any CPU
	EndGlobalSection
	GlobalSection(ProjectConfigurationPlatforms) = postSolution
		{942D56DF-2C72-4781-8F1B-FBC648060FCA}.Debug|Any CPU.ActiveCfg = Debug|Any CPU
		{942D56DF-2C72-4781-8F1B-FBC648060FCA}.Debug|Any CPU.Build.0 = Debug|Any CPU
		{942D56DF-2C72-4781-8F1B-FBC648060FCA}.Release|Any CPU.ActiveCfg = Release|Any CPU
		{942D56DF-2C72-4781-8F1B-FBC648060FCA}.Release|Any CPU.Build.0 = Release|Any CPU
	EndGlobalSection
	GlobalSection(SolutionProperties) = preSolution
		HideSolutionNode = FALSE
	EndGlobalSection
	GlobalSection(ExtensibilityGlobals) = postSolution
		SolutionGuid = {0B194C0F-D1C8-4835-9A51-59CDCDAB342B}
	EndGlobalSection
EndGlobal
